// !$*UTF8*$!
{
	archiveVersion = 1;
	classes = {
	};
	objectVersion = 46;
	objects = {

/* Begin PBXBuildFile section */
		4C67A84518943B30006DBCA7 /* Globals.cpp in Sources */ = {isa = PBXBuildFile; fileRef = 4C67A83B18943B30006DBCA7 /* Globals.cpp */; };
		4C67A84618943B30006DBCA7 /* SampleBase.cpp in Sources */ = {isa = PBXBuildFile; fileRef = 4C67A83D18943B30006DBCA7 /* SampleBase.cpp */; };
		4C67A84718943B30006DBCA7 /* SampleFacade.mm in Sources */ = {isa = PBXBuildFile; fileRef = 4C67A84018943B30006DBCA7 /* SampleFacade.mm */; };
		4C67A84818943B30006DBCA7 /* SampleOptions.cpp in Sources */ = {isa = PBXBuildFile; fileRef = 4C67A84118943B30006DBCA7 /* SampleOptions.cpp */; };
		4CDA3F5818947EB000CE0D70 /* EyeDetection.cpp in Sources */ = {isa = PBXBuildFile; fileRef = 4CDA3F4F18947EB000CE0D70 /* EyeDetection.cpp */; };
		4CDA3F5918947EB000CE0D70 /* findEyeCenter.cpp in Sources */ = {isa = PBXBuildFile; fileRef = 4CDA3F5118947EB000CE0D70 /* findEyeCenter.cpp */; };
		4CDA3F5A18947EB000CE0D70 /* findEyeCorner.cpp in Sources */ = {isa = PBXBuildFile; fileRef = 4CDA3F5318947EB000CE0D70 /* findEyeCorner.cpp */; };
		4CDA3F5B18947EB000CE0D70 /* haarcascade_frontalface_alt.xml in Resources */ = {isa = PBXBuildFile; fileRef = 4CDA3F5518947EB000CE0D70 /* haarcascade_frontalface_alt.xml */; };
		4CDA3F5C18947EB000CE0D70 /* helpers.cpp in Sources */ = {isa = PBXBuildFile; fileRef = 4CDA3F5618947EB000CE0D70 /* helpers.cpp */; };
		8A00096F15AD6DF9001EA42D /* OptionCell.mm in Sources */ = {isa = PBXBuildFile; fileRef = 8A00096E15AD6DF9001EA42D /* OptionCell.mm */; };
		8A00097315AE0F0A001EA42D /* OptionsTableView.mm in Sources */ = {isa = PBXBuildFile; fileRef = 8A00097215AE0F09001EA42D /* OptionsTableView.mm */; };
		8A43889A1595DE5800027D3C /* UIKit.framework in Frameworks */ = {isa = PBXBuildFile; fileRef = 8A4388681595BC4F00027D3C /* UIKit.framework */; };
		8A43889B1595DE5800027D3C /* Foundation.framework in Frameworks */ = {isa = PBXBuildFile; fileRef = 8A43886A1595BC4F00027D3C /* Foundation.framework */; };
		8A43889C1595DE5800027D3C /* CoreGraphics.framework in Frameworks */ = {isa = PBXBuildFile; fileRef = 8A43886C1595BC4F00027D3C /* CoreGraphics.framework */; };
		8A4388A81595DE5800027D3C /* AppDelegate.mm in Sources */ = {isa = PBXBuildFile; fileRef = 8A4388A71595DE5800027D3C /* AppDelegate.mm */; };
		8A4388AE1595DE5800027D3C /* MainStoryboard_iPad.storyboard in Resources */ = {isa = PBXBuildFile; fileRef = 8A4388AC1595DE5800027D3C /* MainStoryboard_iPad.storyboard */; };
		8A4388B41595DE5800027D3C /* DetailViewController.mm in Sources */ = {isa = PBXBuildFile; fileRef = 8A4388B31595DE5800027D3C /* DetailViewController.mm */; };
		8A4388DC1597189A00027D3C /* main.mm in Sources */ = {isa = PBXBuildFile; fileRef = 8A4388741595BC4F00027D3C /* main.mm */; };
		8A4388E81597B7BB00027D3C /* UIImage2OpenCV.mm in Sources */ = {isa = PBXBuildFile; fileRef = 8A4388E71597B7BB00027D3C /* UIImage2OpenCV.mm */; };
		8A723FC11599AC42008C72DB /* VideoSource.mm in Sources */ = {isa = PBXBuildFile; fileRef = 8A723FC01599AC42008C72DB /* VideoSource.mm */; };
		8A723FC81599B6EE008C72DB /* AVFoundation.framework in Frameworks */ = {isa = PBXBuildFile; fileRef = 8A723FC71599B6EE008C72DB /* AVFoundation.framework */; };
		8A723FCB1599B6F2008C72DB /* GLKit.framework in Frameworks */ = {isa = PBXBuildFile; fileRef = 8A723FC91599B6F2008C72DB /* GLKit.framework */; };
		8A723FCC1599B6F2008C72DB /* OpenGLES.framework in Frameworks */ = {isa = PBXBuildFile; fileRef = 8A723FCA1599B6F2008C72DB /* OpenGLES.framework */; };
		8A723FCF1599B6FC008C72DB /* CoreImage.framework in Frameworks */ = {isa = PBXBuildFile; fileRef = 8A723FCD1599B6FC008C72DB /* CoreImage.framework */; };
		8A723FD01599B6FC008C72DB /* CoreMedia.framework in Frameworks */ = {isa = PBXBuildFile; fileRef = 8A723FCE1599B6FC008C72DB /* CoreMedia.framework */; };
		8A723FD21599B700008C72DB /* QuartzCore.framework in Frameworks */ = {isa = PBXBuildFile; fileRef = 8A723FD11599B700008C72DB /* QuartzCore.framework */; };
		8A723FD41599B70B008C72DB /* CoreVideo.framework in Frameworks */ = {isa = PBXBuildFile; fileRef = 8A723FD31599B70B008C72DB /* CoreVideo.framework */; };
		8A723FDB1599BB74008C72DB /* VideoViewController.mm in Sources */ = {isa = PBXBuildFile; fileRef = 8A723FDA1599BB74008C72DB /* VideoViewController.mm */; };
		8A723FDE1599BB95008C72DB /* GLESImageView.mm in Sources */ = {isa = PBXBuildFile; fileRef = 8A723FDD1599BB95008C72DB /* GLESImageView.mm */; };
		8A79349F15A9ADA20043BE99 /* BooleanTableViewCell.mm in Sources */ = {isa = PBXBuildFile; fileRef = 8A79349E15A9ADA20043BE99 /* BooleanTableViewCell.mm */; };
		8A7934A815AB47070043BE99 /* SampleOptionsTableViewDelegate.mm in Sources */ = {isa = PBXBuildFile; fileRef = 8A7934A715AB47060043BE99 /* SampleOptionsTableViewDelegate.mm */; };
		8A7934AB15AB48C80043BE99 /* NSString+StdString.mm in Sources */ = {isa = PBXBuildFile; fileRef = 8A7934AA15AB48C80043BE99 /* NSString+StdString.mm */; };
		8A7934BD15AB5C5A0043BE99 /* BooleanTableViewCell.xib in Resources */ = {isa = PBXBuildFile; fileRef = 8A7934BC15AB5C5A0043BE99 /* BooleanTableViewCell.xib */; };
		8A7934BF15AB5CB20043BE99 /* FloatTableViewCell.xib in Resources */ = {isa = PBXBuildFile; fileRef = 8A7934BE15AB5CB20043BE99 /* FloatTableViewCell.xib */; };
		8A7934C115AB5D490043BE99 /* Int32TableViewCell.xib in Resources */ = {isa = PBXBuildFile; fileRef = 8A7934C015AB5D490043BE99 /* Int32TableViewCell.xib */; };
		8A7934C315AB5D560043BE99 /* EnumTableViewCell.xib in Resources */ = {isa = PBXBuildFile; fileRef = 8A7934C215AB5D560043BE99 /* EnumTableViewCell.xib */; };
		8A7934C715AB5E2F0043BE99 /* Int32TableViewCell.mm in Sources */ = {isa = PBXBuildFile; fileRef = 8A7934C615AB5E2F0043BE99 /* Int32TableViewCell.mm */; };
		8A7934CA15AB5E3A0043BE99 /* FloatTableViewCell.mm in Sources */ = {isa = PBXBuildFile; fileRef = 8A7934C915AB5E390043BE99 /* FloatTableViewCell.mm */; };
		8A7934CD15AB5E440043BE99 /* EnumTableViewCell.mm in Sources */ = {isa = PBXBuildFile; fileRef = 8A7934CC15AB5E440043BE99 /* EnumTableViewCell.mm */; };
		8AA7F85115A462400052C95A /* FPSCalculator.mm in Sources */ = {isa = PBXBuildFile; fileRef = 8AA7F85015A462400052C95A /* FPSCalculator.mm */; };
		8AB6D01615B02A030029641C /* DummyVideoSource.mm in Sources */ = {isa = PBXBuildFile; fileRef = 8AB6D01515B02A030029641C /* DummyVideoSource.mm */; };
		8AB6D04515B9969D0029641C /* Twitter.framework in Frameworks */ = {isa = PBXBuildFile; fileRef = 8AB6D04415B9969C0029641C /* Twitter.framework */; };
		8AB6D04815B99B5B0029641C /* BaseSampleViewController.mm in Sources */ = {isa = PBXBuildFile; fileRef = 8AB6D04715B99B5A0029641C /* BaseSampleViewController.mm */; };
		8AB6D05015BDEB2F0029641C /* VideoTracking.cpp in Sources */ = {isa = PBXBuildFile; fileRef = 8AB6D04F15BDEB2F0029641C /* VideoTracking.cpp */; };
		8AD96331165B90BC00772BCD /* opencv2.framework in Frameworks */ = {isa = PBXBuildFile; fileRef = 8AD96330165B90BC00772BCD /* opencv2.framework */; };
		8AE69C0315A3A40000DAA115 /* AssetsLibrary.framework in Frameworks */ = {isa = PBXBuildFile; fileRef = 8AE69C0215A3A40000DAA115 /* AssetsLibrary.framework */; };
		8AFE53CA15D7E3B200E7ADEB /* DoubleTableViewCell.mm in Sources */ = {isa = PBXBuildFile; fileRef = 8AFE53C815D7E3B200E7ADEB /* DoubleTableViewCell.mm */; };
		8AFE53CB15D7E3B200E7ADEB /* DoubleTableViewCell.xib in Resources */ = {isa = PBXBuildFile; fileRef = 8AFE53C915D7E3B200E7ADEB /* DoubleTableViewCell.xib */; };
		8AFE53CF15D7F18E00E7ADEB /* cvneon.cpp in Sources */ = {isa = PBXBuildFile; fileRef = 8AFE53CE15D7F18E00E7ADEB /* cvneon.cpp */; };
/* End PBXBuildFile section */

/* Begin PBXFileReference section */
		4C67A83918943B30006DBCA7 /* DefaultSampleIcon.png */ = {isa = PBXFileReference; lastKnownFileType = image.png; path = DefaultSampleIcon.png; sourceTree = "<group>"; };
		4C67A83A18943B30006DBCA7 /* DefaultSampleIcon~ipad.png */ = {isa = PBXFileReference; lastKnownFileType = image.png; path = "DefaultSampleIcon~ipad.png"; sourceTree = "<group>"; };
		4C67A83B18943B30006DBCA7 /* Globals.cpp */ = {isa = PBXFileReference; fileEncoding = 4; lastKnownFileType = sourcecode.cpp.cpp; path = Globals.cpp; sourceTree = "<group>"; };
		4C67A83C18943B30006DBCA7 /* Globals.h */ = {isa = PBXFileReference; fileEncoding = 4; lastKnownFileType = sourcecode.c.h; path = Globals.h; sourceTree = "<group>"; };
		4C67A83D18943B30006DBCA7 /* SampleBase.cpp */ = {isa = PBXFileReference; fileEncoding = 4; lastKnownFileType = sourcecode.cpp.cpp; path = SampleBase.cpp; sourceTree = "<group>"; };
		4C67A83E18943B30006DBCA7 /* SampleBase.h */ = {isa = PBXFileReference; fileEncoding = 4; lastKnownFileType = sourcecode.c.h; path = SampleBase.h; sourceTree = "<group>"; };
		4C67A83F18943B30006DBCA7 /* SampleFacade.h */ = {isa = PBXFileReference; fileEncoding = 4; lastKnownFileType = sourcecode.c.h; path = SampleFacade.h; sourceTree = "<group>"; };
		4C67A84018943B30006DBCA7 /* SampleFacade.mm */ = {isa = PBXFileReference; fileEncoding = 4; lastKnownFileType = sourcecode.cpp.objcpp; path = SampleFacade.mm; sourceTree = "<group>"; };
		4C67A84118943B30006DBCA7 /* SampleOptions.cpp */ = {isa = PBXFileReference; fileEncoding = 4; lastKnownFileType = sourcecode.cpp.cpp; path = SampleOptions.cpp; sourceTree = "<group>"; };
		4C67A84218943B30006DBCA7 /* SampleOptions.h */ = {isa = PBXFileReference; fileEncoding = 4; lastKnownFileType = sourcecode.c.h; path = SampleOptions.h; sourceTree = "<group>"; };
		4CDA3F4E18947EB000CE0D70 /* constants.h */ = {isa = PBXFileReference; fileEncoding = 4; lastKnownFileType = sourcecode.c.h; name = constants.h; path = iSee/constants.h; sourceTree = "<group>"; };
		4CDA3F4F18947EB000CE0D70 /* EyeDetection.cpp */ = {isa = PBXFileReference; fileEncoding = 4; lastKnownFileType = sourcecode.cpp.cpp; name = EyeDetection.cpp; path = iSee/EyeDetection.cpp; sourceTree = "<group>"; };
		4CDA3F5018947EB000CE0D70 /* EyeDetection.hpp */ = {isa = PBXFileReference; fileEncoding = 4; lastKnownFileType = sourcecode.cpp.h; name = EyeDetection.hpp; path = iSee/EyeDetection.hpp; sourceTree = "<group>"; };
		4CDA3F5118947EB000CE0D70 /* findEyeCenter.cpp */ = {isa = PBXFileReference; fileEncoding = 4; lastKnownFileType = sourcecode.cpp.cpp; name = findEyeCenter.cpp; path = iSee/findEyeCenter.cpp; sourceTree = "<group>"; };
		4CDA3F5218947EB000CE0D70 /* findEyeCenter.h */ = {isa = PBXFileReference; fileEncoding = 4; lastKnownFileType = sourcecode.c.h; name = findEyeCenter.h; path = iSee/findEyeCenter.h; sourceTree = "<group>"; };
		4CDA3F5318947EB000CE0D70 /* findEyeCorner.cpp */ = {isa = PBXFileReference; fileEncoding = 4; lastKnownFileType = sourcecode.cpp.cpp; name = findEyeCorner.cpp; path = iSee/findEyeCorner.cpp; sourceTree = "<group>"; };
		4CDA3F5418947EB000CE0D70 /* findEyeCorner.h */ = {isa = PBXFileReference; fileEncoding = 4; lastKnownFileType = sourcecode.c.h; name = findEyeCorner.h; path = iSee/findEyeCorner.h; sourceTree = "<group>"; };
		4CDA3F5518947EB000CE0D70 /* haarcascade_frontalface_alt.xml */ = {isa = PBXFileReference; fileEncoding = 4; lastKnownFileType = text.xml; name = haarcascade_frontalface_alt.xml; path = iSee/haarcascade_frontalface_alt.xml; sourceTree = "<group>"; };
		4CDA3F5618947EB000CE0D70 /* helpers.cpp */ = {isa = PBXFileReference; fileEncoding = 4; lastKnownFileType = sourcecode.cpp.cpp; name = helpers.cpp; path = iSee/helpers.cpp; sourceTree = "<group>"; };
		4CDA3F5718947EB000CE0D70 /* helpers.h */ = {isa = PBXFileReference; fileEncoding = 4; lastKnownFileType = sourcecode.c.h; name = helpers.h; path = iSee/helpers.h; sourceTree = "<group>"; };
		8A00096D15AD6DF8001EA42D /* OptionCell.h */ = {isa = PBXFileReference; fileEncoding = 4; lastKnownFileType = sourcecode.c.h; path = OptionCell.h; sourceTree = "<group>"; };
		8A00096E15AD6DF9001EA42D /* OptionCell.mm */ = {isa = PBXFileReference; fileEncoding = 4; lastKnownFileType = sourcecode.cpp.objcpp; path = OptionCell.mm; sourceTree = "<group>"; };
		8A00097115AE0F08001EA42D /* OptionsTableView.h */ = {isa = PBXFileReference; fileEncoding = 4; lastKnownFileType = sourcecode.c.h; path = OptionsTableView.h; sourceTree = "<group>"; };
		8A00097215AE0F09001EA42D /* OptionsTableView.mm */ = {isa = PBXFileReference; fileEncoding = 4; lastKnownFileType = sourcecode.cpp.objcpp; path = OptionsTableView.mm; sourceTree = "<group>"; };
		8A4388681595BC4F00027D3C /* UIKit.framework */ = {isa = PBXFileReference; lastKnownFileType = wrapper.framework; name = UIKit.framework; path = System/Library/Frameworks/UIKit.framework; sourceTree = SDKROOT; };
		8A43886A1595BC4F00027D3C /* Foundation.framework */ = {isa = PBXFileReference; lastKnownFileType = wrapper.framework; name = Foundation.framework; path = System/Library/Frameworks/Foundation.framework; sourceTree = SDKROOT; };
		8A43886C1595BC4F00027D3C /* CoreGraphics.framework */ = {isa = PBXFileReference; lastKnownFileType = wrapper.framework; name = CoreGraphics.framework; path = System/Library/Frameworks/CoreGraphics.framework; sourceTree = SDKROOT; };
		8A4388701595BC4F00027D3C /* iSee-Info.plist */ = {isa = PBXFileReference; lastKnownFileType = text.plist.xml; path = "iSee-Info.plist"; sourceTree = "<group>"; };
		8A4388721595BC4F00027D3C /* en */ = {isa = PBXFileReference; lastKnownFileType = text.plist.strings; name = en; path = en.lproj/InfoPlist.strings; sourceTree = "<group>"; };
		8A4388741595BC4F00027D3C /* main.mm */ = {isa = PBXFileReference; lastKnownFileType = sourcecode.cpp.objcpp; path = main.mm; sourceTree = "<group>"; };
		8A4388761595BC4F00027D3C /* iSee-Prefix.pch */ = {isa = PBXFileReference; lastKnownFileType = sourcecode.c.h; path = "iSee-Prefix.pch"; sourceTree = "<group>"; };
		8A4388981595DE5800027D3C /* iSee.app */ = {isa = PBXFileReference; explicitFileType = wrapper.application; includeInIndex = 0; path = iSee.app; sourceTree = BUILT_PRODUCTS_DIR; };
		8A4388A61595DE5800027D3C /* AppDelegate.h */ = {isa = PBXFileReference; lastKnownFileType = sourcecode.c.h; path = AppDelegate.h; sourceTree = "<group>"; };
		8A4388A71595DE5800027D3C /* AppDelegate.mm */ = {isa = PBXFileReference; lastKnownFileType = sourcecode.cpp.objcpp; path = AppDelegate.mm; sourceTree = "<group>"; };
		8A4388AD1595DE5800027D3C /* en */ = {isa = PBXFileReference; lastKnownFileType = file.storyboard; name = en; path = en.lproj/MainStoryboard_iPad.storyboard; sourceTree = "<group>"; };
		8A4388B21595DE5800027D3C /* DetailViewController.h */ = {isa = PBXFileReference; lastKnownFileType = sourcecode.c.h; path = DetailViewController.h; sourceTree = "<group>"; };
		8A4388B31595DE5800027D3C /* DetailViewController.mm */ = {isa = PBXFileReference; lastKnownFileType = sourcecode.cpp.objcpp; path = DetailViewController.mm; sourceTree = "<group>"; };
		8A4388E61597B75400027D3C /* UIImage2OpenCV.h */ = {isa = PBXFileReference; fileEncoding = 4; lastKnownFileType = sourcecode.c.h; path = UIImage2OpenCV.h; sourceTree = "<group>"; };
		8A4388E71597B7BB00027D3C /* UIImage2OpenCV.mm */ = {isa = PBXFileReference; fileEncoding = 4; lastKnownFileType = sourcecode.cpp.objcpp; path = UIImage2OpenCV.mm; sourceTree = "<group>"; };
		8A4388F01597C49B00027D3C /* README.md */ = {isa = PBXFileReference; lastKnownFileType = text; path = README.md; sourceTree = "<group>"; };
		8A723FBF1599AC42008C72DB /* VideoSource.h */ = {isa = PBXFileReference; fileEncoding = 4; lastKnownFileType = sourcecode.c.h; path = VideoSource.h; sourceTree = "<group>"; };
		8A723FC01599AC42008C72DB /* VideoSource.mm */ = {isa = PBXFileReference; fileEncoding = 4; lastKnownFileType = sourcecode.cpp.objcpp; path = VideoSource.mm; sourceTree = "<group>"; };
		8A723FC71599B6EE008C72DB /* AVFoundation.framework */ = {isa = PBXFileReference; lastKnownFileType = wrapper.framework; name = AVFoundation.framework; path = System/Library/Frameworks/AVFoundation.framework; sourceTree = SDKROOT; };
		8A723FC91599B6F2008C72DB /* GLKit.framework */ = {isa = PBXFileReference; lastKnownFileType = wrapper.framework; name = GLKit.framework; path = System/Library/Frameworks/GLKit.framework; sourceTree = SDKROOT; };
		8A723FCA1599B6F2008C72DB /* OpenGLES.framework */ = {isa = PBXFileReference; lastKnownFileType = wrapper.framework; name = OpenGLES.framework; path = System/Library/Frameworks/OpenGLES.framework; sourceTree = SDKROOT; };
		8A723FCD1599B6FC008C72DB /* CoreImage.framework */ = {isa = PBXFileReference; lastKnownFileType = wrapper.framework; name = CoreImage.framework; path = System/Library/Frameworks/CoreImage.framework; sourceTree = SDKROOT; };
		8A723FCE1599B6FC008C72DB /* CoreMedia.framework */ = {isa = PBXFileReference; lastKnownFileType = wrapper.framework; name = CoreMedia.framework; path = System/Library/Frameworks/CoreMedia.framework; sourceTree = SDKROOT; };
		8A723FD11599B700008C72DB /* QuartzCore.framework */ = {isa = PBXFileReference; lastKnownFileType = wrapper.framework; name = QuartzCore.framework; path = System/Library/Frameworks/QuartzCore.framework; sourceTree = SDKROOT; };
		8A723FD31599B70B008C72DB /* CoreVideo.framework */ = {isa = PBXFileReference; lastKnownFileType = wrapper.framework; name = CoreVideo.framework; path = System/Library/Frameworks/CoreVideo.framework; sourceTree = SDKROOT; };
		8A723FD91599BB74008C72DB /* VideoViewController.h */ = {isa = PBXFileReference; fileEncoding = 4; lastKnownFileType = sourcecode.c.h; path = VideoViewController.h; sourceTree = "<group>"; };
		8A723FDA1599BB74008C72DB /* VideoViewController.mm */ = {isa = PBXFileReference; fileEncoding = 4; lastKnownFileType = sourcecode.cpp.objcpp; path = VideoViewController.mm; sourceTree = "<group>"; };
		8A723FDC1599BB95008C72DB /* GLESImageView.h */ = {isa = PBXFileReference; fileEncoding = 4; lastKnownFileType = sourcecode.c.h; path = GLESImageView.h; sourceTree = "<group>"; };
		8A723FDD1599BB95008C72DB /* GLESImageView.mm */ = {isa = PBXFileReference; fileEncoding = 4; lastKnownFileType = sourcecode.cpp.objcpp; path = GLESImageView.mm; sourceTree = "<group>"; };
		8A79349D15A9ADA20043BE99 /* BooleanTableViewCell.h */ = {isa = PBXFileReference; fileEncoding = 4; lastKnownFileType = sourcecode.c.h; path = BooleanTableViewCell.h; sourceTree = "<group>"; };
		8A79349E15A9ADA20043BE99 /* BooleanTableViewCell.mm */ = {isa = PBXFileReference; fileEncoding = 4; lastKnownFileType = sourcecode.cpp.objcpp; path = BooleanTableViewCell.mm; sourceTree = "<group>"; };
		8A7934A615AB47060043BE99 /* SampleOptionsTableViewDelegate.h */ = {isa = PBXFileReference; fileEncoding = 4; lastKnownFileType = sourcecode.c.h; path = SampleOptionsTableViewDelegate.h; sourceTree = "<group>"; };
		8A7934A715AB47060043BE99 /* SampleOptionsTableViewDelegate.mm */ = {isa = PBXFileReference; fileEncoding = 4; lastKnownFileType = sourcecode.cpp.objcpp; path = SampleOptionsTableViewDelegate.mm; sourceTree = "<group>"; };
		8A7934A915AB48C80043BE99 /* NSString+StdString.h */ = {isa = PBXFileReference; fileEncoding = 4; lastKnownFileType = sourcecode.c.h; path = "NSString+StdString.h"; sourceTree = "<group>"; };
		8A7934AA15AB48C80043BE99 /* NSString+StdString.mm */ = {isa = PBXFileReference; fileEncoding = 4; lastKnownFileType = sourcecode.cpp.objcpp; path = "NSString+StdString.mm"; sourceTree = "<group>"; };
		8A7934BC15AB5C5A0043BE99 /* BooleanTableViewCell.xib */ = {isa = PBXFileReference; fileEncoding = 4; lastKnownFileType = file.xib; path = BooleanTableViewCell.xib; sourceTree = "<group>"; };
		8A7934BE15AB5CB20043BE99 /* FloatTableViewCell.xib */ = {isa = PBXFileReference; fileEncoding = 4; lastKnownFileType = file.xib; path = FloatTableViewCell.xib; sourceTree = "<group>"; };
		8A7934C015AB5D490043BE99 /* Int32TableViewCell.xib */ = {isa = PBXFileReference; fileEncoding = 4; lastKnownFileType = file.xib; path = Int32TableViewCell.xib; sourceTree = "<group>"; };
		8A7934C215AB5D560043BE99 /* EnumTableViewCell.xib */ = {isa = PBXFileReference; fileEncoding = 4; lastKnownFileType = file.xib; path = EnumTableViewCell.xib; sourceTree = "<group>"; };
		8A7934C515AB5E2F0043BE99 /* Int32TableViewCell.h */ = {isa = PBXFileReference; fileEncoding = 4; lastKnownFileType = sourcecode.c.h; path = Int32TableViewCell.h; sourceTree = "<group>"; };
		8A7934C615AB5E2F0043BE99 /* Int32TableViewCell.mm */ = {isa = PBXFileReference; fileEncoding = 4; lastKnownFileType = sourcecode.cpp.objcpp; path = Int32TableViewCell.mm; sourceTree = "<group>"; };
		8A7934C815AB5E390043BE99 /* FloatTableViewCell.h */ = {isa = PBXFileReference; fileEncoding = 4; lastKnownFileType = sourcecode.c.h; path = FloatTableViewCell.h; sourceTree = "<group>"; };
		8A7934C915AB5E390043BE99 /* FloatTableViewCell.mm */ = {isa = PBXFileReference; fileEncoding = 4; lastKnownFileType = sourcecode.cpp.objcpp; path = FloatTableViewCell.mm; sourceTree = "<group>"; };
		8A7934CB15AB5E440043BE99 /* EnumTableViewCell.h */ = {isa = PBXFileReference; fileEncoding = 4; lastKnownFileType = sourcecode.c.h; path = EnumTableViewCell.h; sourceTree = "<group>"; };
		8A7934CC15AB5E440043BE99 /* EnumTableViewCell.mm */ = {isa = PBXFileReference; fileEncoding = 4; lastKnownFileType = sourcecode.cpp.objcpp; path = EnumTableViewCell.mm; sourceTree = "<group>"; };
		8AA7F84F15A462400052C95A /* FPSCalculator.h */ = {isa = PBXFileReference; fileEncoding = 4; lastKnownFileType = sourcecode.c.h; path = FPSCalculator.h; sourceTree = "<group>"; };
		8AA7F85015A462400052C95A /* FPSCalculator.mm */ = {isa = PBXFileReference; fileEncoding = 4; lastKnownFileType = sourcecode.cpp.objcpp; path = FPSCalculator.mm; sourceTree = "<group>"; };
		8AB6D01515B02A030029641C /* DummyVideoSource.mm */ = {isa = PBXFileReference; fileEncoding = 4; lastKnownFileType = sourcecode.cpp.objcpp; path = DummyVideoSource.mm; sourceTree = "<group>"; };
		8AB6D04415B9969C0029641C /* Twitter.framework */ = {isa = PBXFileReference; lastKnownFileType = wrapper.framework; name = Twitter.framework; path = System/Library/Frameworks/Twitter.framework; sourceTree = SDKROOT; };
		8AB6D04615B99B590029641C /* BaseSampleViewController.h */ = {isa = PBXFileReference; fileEncoding = 4; lastKnownFileType = sourcecode.c.h; path = BaseSampleViewController.h; sourceTree = "<group>"; };
		8AB6D04715B99B5A0029641C /* BaseSampleViewController.mm */ = {isa = PBXFileReference; fileEncoding = 4; lastKnownFileType = sourcecode.cpp.objcpp; path = BaseSampleViewController.mm; sourceTree = "<group>"; };
		8AB6D04D15BDEB220029641C /* VideoTracking.hpp */ = {isa = PBXFileReference; fileEncoding = 4; lastKnownFileType = sourcecode.cpp.h; path = VideoTracking.hpp; sourceTree = "<group>"; };
		8AB6D04F15BDEB2F0029641C /* VideoTracking.cpp */ = {isa = PBXFileReference; fileEncoding = 4; lastKnownFileType = sourcecode.cpp.cpp; path = VideoTracking.cpp; sourceTree = "<group>"; };
		8AD96330165B90BC00772BCD /* opencv2.framework */ = {isa = PBXFileReference; lastKnownFileType = wrapper.framework; path = opencv2.framework; sourceTree = "<group>"; };
		8AE69C0215A3A40000DAA115 /* AssetsLibrary.framework */ = {isa = PBXFileReference; lastKnownFileType = wrapper.framework; name = AssetsLibrary.framework; path = System/Library/Frameworks/AssetsLibrary.framework; sourceTree = SDKROOT; };
		8AFE53C715D7E3B200E7ADEB /* DoubleTableViewCell.h */ = {isa = PBXFileReference; fileEncoding = 4; lastKnownFileType = sourcecode.c.h; path = DoubleTableViewCell.h; sourceTree = "<group>"; };
		8AFE53C815D7E3B200E7ADEB /* DoubleTableViewCell.mm */ = {isa = PBXFileReference; fileEncoding = 4; lastKnownFileType = sourcecode.cpp.objcpp; path = DoubleTableViewCell.mm; sourceTree = "<group>"; };
		8AFE53C915D7E3B200E7ADEB /* DoubleTableViewCell.xib */ = {isa = PBXFileReference; fileEncoding = 4; lastKnownFileType = file.xib; path = DoubleTableViewCell.xib; sourceTree = "<group>"; };
		8AFE53CD15D7F18500E7ADEB /* cvneon.h */ = {isa = PBXFileReference; fileEncoding = 4; lastKnownFileType = sourcecode.c.h; path = cvneon.h; sourceTree = "<group>"; };
		8AFE53CE15D7F18E00E7ADEB /* cvneon.cpp */ = {isa = PBXFileReference; fileEncoding = 4; lastKnownFileType = sourcecode.cpp.cpp; path = cvneon.cpp; sourceTree = "<group>"; };
/* End PBXFileReference section */

/* Begin PBXFrameworksBuildPhase section */
		8A4388951595DE5800027D3C /* Frameworks */ = {
			isa = PBXFrameworksBuildPhase;
			buildActionMask = 2147483647;
			files = (
				8AD96331165B90BC00772BCD /* opencv2.framework in Frameworks */,
				8AB6D04515B9969D0029641C /* Twitter.framework in Frameworks */,
				8AE69C0315A3A40000DAA115 /* AssetsLibrary.framework in Frameworks */,
				8A723FD41599B70B008C72DB /* CoreVideo.framework in Frameworks */,
				8A723FD21599B700008C72DB /* QuartzCore.framework in Frameworks */,
				8A723FCF1599B6FC008C72DB /* CoreImage.framework in Frameworks */,
				8A723FD01599B6FC008C72DB /* CoreMedia.framework in Frameworks */,
				8A43889C1595DE5800027D3C /* CoreGraphics.framework in Frameworks */,
				8A723FCB1599B6F2008C72DB /* GLKit.framework in Frameworks */,
				8A723FCC1599B6F2008C72DB /* OpenGLES.framework in Frameworks */,
				8A723FC81599B6EE008C72DB /* AVFoundation.framework in Frameworks */,
				8A43889A1595DE5800027D3C /* UIKit.framework in Frameworks */,
				8A43889B1595DE5800027D3C /* Foundation.framework in Frameworks */,
			);
			runOnlyForDeploymentPostprocessing = 0;
		};
/* End PBXFrameworksBuildPhase section */

/* Begin PBXGroup section */
		4C67A84918943B3F006DBCA7 /* Base Files */ = {
			isa = PBXGroup;
			children = (
				8A4388E61597B75400027D3C /* UIImage2OpenCV.h */,
				8A4388E71597B7BB00027D3C /* UIImage2OpenCV.mm */,
				8AA7F84F15A462400052C95A /* FPSCalculator.h */,
				8AA7F85015A462400052C95A /* FPSCalculator.mm */,
				8A7934A915AB48C80043BE99 /* NSString+StdString.h */,
				8A7934AA15AB48C80043BE99 /* NSString+StdString.mm */,
				8A723FDC1599BB95008C72DB /* GLESImageView.h */,
				8A723FDD1599BB95008C72DB /* GLESImageView.mm */,
				8AB6D04615B99B590029641C /* BaseSampleViewController.h */,
				8AB6D04715B99B5A0029641C /* BaseSampleViewController.mm */,
				4C67A83918943B30006DBCA7 /* DefaultSampleIcon.png */,
				4C67A83A18943B30006DBCA7 /* DefaultSampleIcon~ipad.png */,
				4C67A83B18943B30006DBCA7 /* Globals.cpp */,
				4C67A83C18943B30006DBCA7 /* Globals.h */,
				4C67A83D18943B30006DBCA7 /* SampleBase.cpp */,
				4C67A83E18943B30006DBCA7 /* SampleBase.h */,
				4C67A83F18943B30006DBCA7 /* SampleFacade.h */,
				4C67A84018943B30006DBCA7 /* SampleFacade.mm */,
				4C67A84118943B30006DBCA7 /* SampleOptions.cpp */,
				4C67A84218943B30006DBCA7 /* SampleOptions.h */,
			);
			name = "Base Files";
			sourceTree = "<group>";
		};
		4C67A84A18946A6D006DBCA7 /* Neno */ = {
			isa = PBXGroup;
			children = (
				8AFE53CD15D7F18500E7ADEB /* cvneon.h */,
				8AFE53CE15D7F18E00E7ADEB /* cvneon.cpp */,
			);
			name = Neno;
			sourceTree = "<group>";
		};
		4CDA3F5D18947EB800CE0D70 /* Eye Tracking */ = {
			isa = PBXGroup;
			children = (
				4CDA3F5618947EB000CE0D70 /* helpers.cpp */,
				4CDA3F5718947EB000CE0D70 /* helpers.h */,
				4CDA3F4E18947EB000CE0D70 /* constants.h */,
				4CDA3F4F18947EB000CE0D70 /* EyeDetection.cpp */,
				4CDA3F5018947EB000CE0D70 /* EyeDetection.hpp */,
				4CDA3F5118947EB000CE0D70 /* findEyeCenter.cpp */,
				4CDA3F5218947EB000CE0D70 /* findEyeCenter.h */,
				4CDA3F5318947EB000CE0D70 /* findEyeCorner.cpp */,
				4CDA3F5418947EB000CE0D70 /* findEyeCorner.h */,
			);
			name = "Eye Tracking";
			sourceTree = "<group>";
		};
		8A4388591595BC4E00027D3C = {
			isa = PBXGroup;
			children = (
				4CDA3F5518947EB000CE0D70 /* haarcascade_frontalface_alt.xml */,
				4CDA3F5D18947EB800CE0D70 /* Eye Tracking */,
				8A43886E1595BC4F00027D3C /* iSee */,
				8A4388671595BC4F00027D3C /* Frameworks */,
				8A4388651595BC4F00027D3C /* Products */,
				8A4388F01597C49B00027D3C /* README.md */,
			);
			sourceTree = "<group>";
		};
		8A4388651595BC4F00027D3C /* Products */ = {
			isa = PBXGroup;
			children = (
				8A4388981595DE5800027D3C /* iSee.app */,
			);
			name = Products;
			sourceTree = "<group>";
		};
		8A4388671595BC4F00027D3C /* Frameworks */ = {
			isa = PBXGroup;
			children = (
				8AD96330165B90BC00772BCD /* opencv2.framework */,
				8AB6D04415B9969C0029641C /* Twitter.framework */,
				8AE69C0215A3A40000DAA115 /* AssetsLibrary.framework */,
				8A723FD31599B70B008C72DB /* CoreVideo.framework */,
				8A723FD11599B700008C72DB /* QuartzCore.framework */,
				8A723FCD1599B6FC008C72DB /* CoreImage.framework */,
				8A723FCE1599B6FC008C72DB /* CoreMedia.framework */,
				8A723FC91599B6F2008C72DB /* GLKit.framework */,
				8A723FCA1599B6F2008C72DB /* OpenGLES.framework */,
				8A723FC71599B6EE008C72DB /* AVFoundation.framework */,
				8A4388681595BC4F00027D3C /* UIKit.framework */,
				8A43886A1595BC4F00027D3C /* Foundation.framework */,
				8A43886C1595BC4F00027D3C /* CoreGraphics.framework */,
			);
			name = Frameworks;
			sourceTree = "<group>";
		};
		8A43886E1595BC4F00027D3C /* iSee */ = {
			isa = PBXGroup;
			children = (
				8AA7F84E15A462250052C95A /* View Controllers */,
				8AB6D05115BDEB320029641C /* Video Tracking */,
				8A43886F1595BC4F00027D3C /* Supporting Files */,
				8A4388AC1595DE5800027D3C /* MainStoryboard_iPad.storyboard */,
			);
			path = iSee;
			sourceTree = "<group>";
		};
		8A43886F1595BC4F00027D3C /* Supporting Files */ = {
			isa = PBXGroup;
			children = (
				8AFE53D015D7F19100E7ADEB /* OpenCV */,
				8A4388D01596E0B300027D3C /* Icons */,
				8A4388A61595DE5800027D3C /* AppDelegate.h */,
				8A4388A71595DE5800027D3C /* AppDelegate.mm */,
				8A4388701595BC4F00027D3C /* iSee-Info.plist */,
				8A4388711595BC4F00027D3C /* InfoPlist.strings */,
				8A4388741595BC4F00027D3C /* main.mm */,
				8A4388761595BC4F00027D3C /* iSee-Prefix.pch */,
			);
			name = "Supporting Files";
			sourceTree = "<group>";
		};
		8A4388881595BCB000027D3C /* VideoSource */ = {
			isa = PBXGroup;
			children = (
				8A723FBF1599AC42008C72DB /* VideoSource.h */,
				8A723FC01599AC42008C72DB /* VideoSource.mm */,
				8AB6D01515B02A030029641C /* DummyVideoSource.mm */,
			);
			name = VideoSource;
			sourceTree = "<group>";
		};
		8A4388D01596E0B300027D3C /* Icons */ = {
			isa = PBXGroup;
			children = (
			);
			name = Icons;
			sourceTree = "<group>";
		};
		8A7934C415AB5DB30043BE99 /* Options */ = {
			isa = PBXGroup;
			children = (
				8AFE53C715D7E3B200E7ADEB /* DoubleTableViewCell.h */,
				8AFE53C815D7E3B200E7ADEB /* DoubleTableViewCell.mm */,
				8AFE53C915D7E3B200E7ADEB /* DoubleTableViewCell.xib */,
				8A7934A615AB47060043BE99 /* SampleOptionsTableViewDelegate.h */,
				8A7934A715AB47060043BE99 /* SampleOptionsTableViewDelegate.mm */,
				8A79349D15A9ADA20043BE99 /* BooleanTableViewCell.h */,
				8A79349E15A9ADA20043BE99 /* BooleanTableViewCell.mm */,
				8A7934BC15AB5C5A0043BE99 /* BooleanTableViewCell.xib */,
				8A7934C515AB5E2F0043BE99 /* Int32TableViewCell.h */,
				8A7934C615AB5E2F0043BE99 /* Int32TableViewCell.mm */,
				8A7934C015AB5D490043BE99 /* Int32TableViewCell.xib */,
				8A7934C815AB5E390043BE99 /* FloatTableViewCell.h */,
				8A7934C915AB5E390043BE99 /* FloatTableViewCell.mm */,
				8A7934BE15AB5CB20043BE99 /* FloatTableViewCell.xib */,
				8A7934CB15AB5E440043BE99 /* EnumTableViewCell.h */,
				8A7934CC15AB5E440043BE99 /* EnumTableViewCell.mm */,
				8A7934C215AB5D560043BE99 /* EnumTableViewCell.xib */,
				8A00096D15AD6DF8001EA42D /* OptionCell.h */,
				8A00096E15AD6DF9001EA42D /* OptionCell.mm */,
				8A00097115AE0F08001EA42D /* OptionsTableView.h */,
				8A00097215AE0F09001EA42D /* OptionsTableView.mm */,
			);
			name = Options;
			sourceTree = "<group>";
		};
		8AA7F84E15A462250052C95A /* View Controllers */ = {
			isa = PBXGroup;
			children = (
				8A7934C415AB5DB30043BE99 /* Options */,
				8A4388B21595DE5800027D3C /* DetailViewController.h */,
				8A4388B31595DE5800027D3C /* DetailViewController.mm */,
				8A723FD91599BB74008C72DB /* VideoViewController.h */,
				8A723FDA1599BB74008C72DB /* VideoViewController.mm */,
			);
			name = "View Controllers";
			sourceTree = "<group>";
		};
		8AB6D05115BDEB320029641C /* Video Tracking */ = {
			isa = PBXGroup;
			children = (
				8AB6D04D15BDEB220029641C /* VideoTracking.hpp */,
				8AB6D04F15BDEB2F0029641C /* VideoTracking.cpp */,
			);
			name = "Video Tracking";
			sourceTree = "<group>";
		};
		8AFE53D015D7F19100E7ADEB /* OpenCV */ = {
			isa = PBXGroup;
			children = (
				8A4388881595BCB000027D3C /* VideoSource */,
				4C67A84918943B3F006DBCA7 /* Base Files */,
				4C67A84A18946A6D006DBCA7 /* Neno */,
			);
			name = OpenCV;
			sourceTree = "<group>";
		};
/* End PBXGroup section */

/* Begin PBXNativeTarget section */
		8A4388971595DE5800027D3C /* iSee */ = {
			isa = PBXNativeTarget;
			buildConfigurationList = 8A4388B51595DE5800027D3C /* Build configuration list for PBXNativeTarget "iSee" */;
			buildPhases = (
				8A4388941595DE5800027D3C /* Sources */,
				8A4388951595DE5800027D3C /* Frameworks */,
				8A4388961595DE5800027D3C /* Resources */,
			);
			buildRules = (
			);
			dependencies = (
			);
			name = iSee;
			productName = "OpenCV Tutorial";
			productReference = 8A4388981595DE5800027D3C /* iSee.app */;
			productType = "com.apple.product-type.application";
		};
/* End PBXNativeTarget section */

/* Begin PBXProject section */
		8A43885B1595BC4E00027D3C /* Project object */ = {
			isa = PBXProject;
			attributes = {
				LastUpgradeCheck = 0440;
			};
			buildConfigurationList = 8A43885E1595BC4E00027D3C /* Build configuration list for PBXProject "iSee" */;
			compatibilityVersion = "Xcode 3.2";
			developmentRegion = English;
			hasScannedForEncodings = 0;
			knownRegions = (
				en,
			);
			mainGroup = 8A4388591595BC4E00027D3C;
			productRefGroup = 8A4388651595BC4F00027D3C /* Products */;
			projectDirPath = "";
			projectRoot = "";
			targets = (
				8A4388971595DE5800027D3C /* iSee */,
			);
		};
/* End PBXProject section */

/* Begin PBXResourcesBuildPhase section */
		8A4388961595DE5800027D3C /* Resources */ = {
			isa = PBXResourcesBuildPhase;
			buildActionMask = 2147483647;
			files = (
				4CDA3F5B18947EB000CE0D70 /* haarcascade_frontalface_alt.xml in Resources */,
				8A4388AE1595DE5800027D3C /* MainStoryboard_iPad.storyboard in Resources */,
				8A7934BD15AB5C5A0043BE99 /* BooleanTableViewCell.xib in Resources */,
				8A7934BF15AB5CB20043BE99 /* FloatTableViewCell.xib in Resources */,
				8A7934C115AB5D490043BE99 /* Int32TableViewCell.xib in Resources */,
				8A7934C315AB5D560043BE99 /* EnumTableViewCell.xib in Resources */,
				8AFE53CB15D7E3B200E7ADEB /* DoubleTableViewCell.xib in Resources */,
			);
			runOnlyForDeploymentPostprocessing = 0;
		};
/* End PBXResourcesBuildPhase section */

/* Begin PBXSourcesBuildPhase section */
		8A4388941595DE5800027D3C /* Sources */ = {
			isa = PBXSourcesBuildPhase;
			buildActionMask = 2147483647;
			files = (
				4C67A84518943B30006DBCA7 /* Globals.cpp in Sources */,
				8A4388A81595DE5800027D3C /* AppDelegate.mm in Sources */,
				8A4388B41595DE5800027D3C /* DetailViewController.mm in Sources */,
				4CDA3F5918947EB000CE0D70 /* findEyeCenter.cpp in Sources */,
				4CDA3F5C18947EB000CE0D70 /* helpers.cpp in Sources */,
				8A4388DC1597189A00027D3C /* main.mm in Sources */,
				8A4388E81597B7BB00027D3C /* UIImage2OpenCV.mm in Sources */,
				4CDA3F5818947EB000CE0D70 /* EyeDetection.cpp in Sources */,
				8A723FC11599AC42008C72DB /* VideoSource.mm in Sources */,
				8A723FDB1599BB74008C72DB /* VideoViewController.mm in Sources */,
				8A723FDE1599BB95008C72DB /* GLESImageView.mm in Sources */,
				4C67A84718943B30006DBCA7 /* SampleFacade.mm in Sources */,
				8AA7F85115A462400052C95A /* FPSCalculator.mm in Sources */,
				8A79349F15A9ADA20043BE99 /* BooleanTableViewCell.mm in Sources */,
				8A7934A815AB47070043BE99 /* SampleOptionsTableViewDelegate.mm in Sources */,
				8A7934AB15AB48C80043BE99 /* NSString+StdString.mm in Sources */,
				4C67A84818943B30006DBCA7 /* SampleOptions.cpp in Sources */,
				8A7934C715AB5E2F0043BE99 /* Int32TableViewCell.mm in Sources */,
				8A7934CA15AB5E3A0043BE99 /* FloatTableViewCell.mm in Sources */,
				8A7934CD15AB5E440043BE99 /* EnumTableViewCell.mm in Sources */,
				8A00096F15AD6DF9001EA42D /* OptionCell.mm in Sources */,
				8A00097315AE0F0A001EA42D /* OptionsTableView.mm in Sources */,
				8AB6D01615B02A030029641C /* DummyVideoSource.mm in Sources */,
				8AB6D04815B99B5B0029641C /* BaseSampleViewController.mm in Sources */,
				4C67A84618943B30006DBCA7 /* SampleBase.cpp in Sources */,
				8AB6D05015BDEB2F0029641C /* VideoTracking.cpp in Sources */,
				8AFE53CA15D7E3B200E7ADEB /* DoubleTableViewCell.mm in Sources */,
				8AFE53CF15D7F18E00E7ADEB /* cvneon.cpp in Sources */,
				4CDA3F5A18947EB000CE0D70 /* findEyeCorner.cpp in Sources */,
			);
			runOnlyForDeploymentPostprocessing = 0;
		};
/* End PBXSourcesBuildPhase section */

/* Begin PBXVariantGroup section */
		8A4388711595BC4F00027D3C /* InfoPlist.strings */ = {
			isa = PBXVariantGroup;
			children = (
				8A4388721595BC4F00027D3C /* en */,
			);
			name = InfoPlist.strings;
			sourceTree = "<group>";
		};
		8A4388AC1595DE5800027D3C /* MainStoryboard_iPad.storyboard */ = {
			isa = PBXVariantGroup;
			children = (
				8A4388AD1595DE5800027D3C /* en */,
			);
			name = MainStoryboard_iPad.storyboard;
			sourceTree = "<group>";
		};
/* End PBXVariantGroup section */

/* Begin XCBuildConfiguration section */
		8A4388831595BC4F00027D3C /* Debug */ = {
			isa = XCBuildConfiguration;
			buildSettings = {
				ALWAYS_SEARCH_USER_PATHS = YES;
				ARCHS = "$(ARCHS_STANDARD_32_BIT)";
				CLANG_ENABLE_OBJC_ARC = YES;
				CODE_SIGN_IDENTITY = "iPhone Developer";
				"CODE_SIGN_IDENTITY[sdk=iphoneos*]" = "iPhone Developer";
				COPY_PHASE_STRIP = NO;
				FRAMEWORK_SEARCH_PATHS = (
					"$(inherited)",
					"\"$(SRCROOT)\"",
				);
				GCC_C_LANGUAGE_STANDARD = gnu99;
				GCC_DYNAMIC_NO_PIC = NO;
				GCC_OPTIMIZATION_LEVEL = 0;
				GCC_PREFIX_HEADER = "";
				GCC_PREPROCESSOR_DEFINITIONS = (
					"DEBUG=1",
					"$(inherited)",
				);
				GCC_SYMBOLS_PRIVATE_EXTERN = NO;
				GCC_VERSION = com.apple.compilers.llvm.clang.1_0;
				GCC_WARN_ABOUT_RETURN_TYPE = YES;
				GCC_WARN_UNINITIALIZED_AUTOS = YES;
				GCC_WARN_UNUSED_VARIABLE = YES;
				HEADER_SEARCH_PATHS = "";
				IPHONEOS_DEPLOYMENT_TARGET = 5.1;
				LIBRARY_SEARCH_PATHS = "";
				OTHER_CFLAGS = "";
				OTHER_CPLUSPLUSFLAGS = "-DNS_BLOCK_ASSERTIONS=1";
				OTHER_LDFLAGS = "";
				PROVISIONING_PROFILE = "";
				SDKROOT = iphoneos;
				TARGETED_DEVICE_FAMILY = "1,2";
				USER_HEADER_SEARCH_PATHS = "";
			};
			name = Debug;
		};
		8A4388841595BC4F00027D3C /* Release */ = {
			isa = XCBuildConfiguration;
			buildSettings = {
				ALWAYS_SEARCH_USER_PATHS = YES;
				ARCHS = "$(ARCHS_STANDARD_32_BIT)";
				CLANG_ENABLE_OBJC_ARC = YES;
				CODE_SIGN_IDENTITY = "iPhone Developer";
				"CODE_SIGN_IDENTITY[sdk=iphoneos*]" = "iPhone Developer";
				COPY_PHASE_STRIP = YES;
				FRAMEWORK_SEARCH_PATHS = (
					"$(inherited)",
					"\"$(SRCROOT)\"",
				);
				GCC_C_LANGUAGE_STANDARD = gnu99;
				GCC_PREFIX_HEADER = "";
				GCC_VERSION = com.apple.compilers.llvm.clang.1_0;
				GCC_WARN_ABOUT_RETURN_TYPE = YES;
				GCC_WARN_UNINITIALIZED_AUTOS = YES;
				GCC_WARN_UNUSED_VARIABLE = YES;
				HEADER_SEARCH_PATHS = "";
				IPHONEOS_DEPLOYMENT_TARGET = 5.1;
				OTHER_CFLAGS = "";
				OTHER_CPLUSPLUSFLAGS = "-DNS_BLOCK_ASSERTIONS=1";
				OTHER_LDFLAGS = "";
				PROVISIONING_PROFILE = "";
				SDKROOT = iphoneos;
				TARGETED_DEVICE_FAMILY = "1,2";
				USER_HEADER_SEARCH_PATHS = "";
				VALIDATE_PRODUCT = YES;
			};
			name = Release;
		};
		8A4388B61595DE5800027D3C /* Debug */ = {
			isa = XCBuildConfiguration;
			buildSettings = {
				ALWAYS_SEARCH_USER_PATHS = YES;
				CLANG_CXX_LIBRARY = "libc++";
				CODE_SIGN_IDENTITY = "iPhone Developer";
				"CODE_SIGN_IDENTITY[sdk=iphoneos*]" = "iPhone Developer";
				FRAMEWORK_SEARCH_PATHS = (
					"$(inherited)",
					"\"$(SRCROOT)\"",
				);
				GCC_C_LANGUAGE_STANDARD = "compiler-default";
				GCC_PRECOMPILE_PREFIX_HEADER = YES;
				GCC_PREFIX_HEADER = "iSee/iSee-Prefix.pch";
				HEADER_SEARCH_PATHS = "";
				INFOPLIST_FILE = "$(SRCROOT)/iSee/iSee-Info.plist";
				LIBRARY_SEARCH_PATHS = "";
				OTHER_CFLAGS = "-mfpu=neon";
				OTHER_CPLUSPLUSFLAGS = "-mfpu=neon";
				OTHER_LDFLAGS = "";
				PRODUCT_NAME = iSee;
				PROVISIONING_PROFILE = "";
				TARGETED_DEVICE_FAMILY = 2;
				VALID_ARCHS = armv7;
				WARNING_LDFLAGS = "";
				WRAPPER_EXTENSION = app;
			};
			name = Debug;
		};
		8A4388B71595DE5800027D3C /* Release */ = {
			isa = XCBuildConfiguration;
			buildSettings = {
				ALWAYS_SEARCH_USER_PATHS = YES;
				CLANG_CXX_LIBRARY = "libc++";
				CODE_SIGN_IDENTITY = "iPhone Developer";
				"CODE_SIGN_IDENTITY[sdk=iphoneos*]" = "iPhone Developer";
				FRAMEWORK_SEARCH_PATHS = (
					"$(inherited)",
					"\"$(SRCROOT)\"",
				);
				GCC_C_LANGUAGE_STANDARD = "compiler-default";
				GCC_PRECOMPILE_PREFIX_HEADER = YES;
				GCC_PREFIX_HEADER = "iSee/iSee-Prefix.pch";
				HEADER_SEARCH_PATHS = "";
				INFOPLIST_FILE = "$(SRCROOT)/iSee/iSee-Info.plist";
				LIBRARY_SEARCH_PATHS = "";
				OTHER_CFLAGS = (
					"-DNS_BLOCK_ASSERTIONS=1",
					"-mfpu=neon",
				);
				OTHER_CPLUSPLUSFLAGS = (
					"-DNS_BLOCK_ASSERTIONS=1",
					"-mfpu=neon",
				);
				OTHER_LDFLAGS = "";
				PRODUCT_NAME = iSee;
				PROVISIONING_PROFILE = "";
				TARGETED_DEVICE_FAMILY = 2;
				VALID_ARCHS = armv7;
				WARNING_LDFLAGS = "";
				WRAPPER_EXTENSION = app;
			};
			name = Release;
		};
/* End XCBuildConfiguration section */

/* Begin XCConfigurationList section */
		8A43885E1595BC4E00027D3C /* Build configuration list for PBXProject "iSee" */ = {
			isa = XCConfigurationList;
			buildConfigurations = (
				8A4388831595BC4F00027D3C /* Debug */,
				8A4388841595BC4F00027D3C /* Release */,
			);
			defaultConfigurationIsVisible = 0;
			defaultConfigurationName = Release;
		};
		8A4388B51595DE5800027D3C /* Build configuration list for PBXNativeTarget "iSee" */ = {
			isa = XCConfigurationList;
			buildConfigurations = (
				8A4388B61595DE5800027D3C /* Debug */,
				8A4388B71595DE5800027D3C /* Release */,
			);
			defaultConfigurationIsVisible = 0;
			defaultConfigurationName = Release;
		};
/* End XCConfigurationList section */
	};
	rootObject = 8A43885B1595BC4E00027D3C /* Project object */;
}
